
Microsoft Visual Studio Solution File, Format Version 12.00
# Visual Studio 15
Project("{FAE04EC0-301F-11D3-BF4B-00C04F79EFBC}") = "Assembly-CSharp", "Assembly-CSharp.csproj", "{9070843A-8E10-1BBC-D45E-114A9694E34B}"
EndProject
Project("{FAE04EC0-301F-11D3-BF4B-00C04F79EFBC}") = "TobiiXRSDK", "TobiiXRSDK.csproj", "{52ED1AEC-141C-63E6-6720-CBF6719CB777}"
EndProject
Project("{FAE04EC0-301F-11D3-BF4B-00C04F79EFBC}") = "TobiiXRCore", "TobiiXRCore.csproj", "{32CA4450-9ABA-6A0A-23DB-D3186F4FCD3A}"
EndProject
Project("{FAE04EC0-301F-11D3-BF4B-00C04F79EFBC}") = "TobiiXRInternalEditor", "TobiiXRInternalEditor.csproj", "{331DF109-5F83-85A8-4D69-58B7603F6321}"
EndProject
Project("{FAE04EC0-301F-11D3-BF4B-00C04F79EFBC}") = "TobiiXRDevTools", "TobiiXRDevTools.csproj", "{A8B0F0C1-2E1F-0480-E322-72080B2D8B62}"
EndProject
Project("{FAE04EC0-301F-11D3-BF4B-00C04F79EFBC}") = "TobiiXRG2OM", "TobiiXRG2OM.csproj", "{4E55D076-6C8C-D5CC-3572-C5B99C3AF689}"
EndProject
Project("{FAE04EC0-301F-11D3-BF4B-00C04F79EFBC}") = "Unity.XR.Interaction.Toolkit.Samples.StarterAssets", "Unity.XR.Interaction.Toolkit.Samples.StarterAssets.csproj", "{B374B941-F948-FDDE-3B6A-443E514A22E3}"
EndProject
Project("{FAE04EC0-301F-11D3-BF4B-00C04F79EFBC}") = "GazeModifierEditor", "GazeModifierEditor.csproj", "{5A048B4F-EBAC-9A4A-CB30-526394F05E18}"
EndProject
Project("{FAE04EC0-301F-11D3-BF4B-00C04F79EFBC}") = "TobiiXREditor", "TobiiXREditor.csproj", "{34376F71-C26E-5A10-E04D-4486A56D116A}"
EndProject
Project("{FAE04EC0-301F-11D3-BF4B-00C04F79EFBC}") = "Unity.XR.Interaction.Toolkit.Samples.StarterAssets.Editor", "Unity.XR.Interaction.Toolkit.Samples.StarterAssets.Editor.csproj", "{8364E110-D910-8245-0298-E9BC94079B6F}"
EndProject
Global
	GlobalSection(SolutionConfigurationPlatforms) = preSolution
		Debug|Any CPU = Debug|Any CPU
		Release|Any CPU = Release|Any CPU
	EndGlobalSection
	GlobalSection(ProjectConfigurationPlatforms) = postSolution
		{9070843A-8E10-1BBC-D45E-114A9694E34B}.Debug|Any CPU.ActiveCfg = Debug|Any CPU
		{9070843A-8E10-1BBC-D45E-114A9694E34B}.Debug|Any CPU.Build.0 = Debug|Any CPU
		{9070843A-8E10-1BBC-D45E-114A9694E34B}.Release|Any CPU.ActiveCfg = Release|Any CPU
		{9070843A-8E10-1BBC-D45E-114A9694E34B}.Release|Any CPU.Build.0 = Release|Any CPU
		{52ED1AEC-141C-63E6-6720-CBF6719CB777}.Debug|Any CPU.ActiveCfg = Debug|Any CPU
		{52ED1AEC-141C-63E6-6720-CBF6719CB777}.Debug|Any CPU.Build.0 = Debug|Any CPU
		{52ED1AEC-141C-63E6-6720-CBF6719CB777}.Release|Any CPU.ActiveCfg = Release|Any CPU
		{52ED1AEC-141C-63E6-6720-CBF6719CB777}.Release|Any CPU.Build.0 = Release|Any CPU
		{32CA4450-9ABA-6A0A-23DB-D3186F4FCD3A}.Debug|Any CPU.ActiveCfg = Debug|Any CPU
		{32CA4450-9ABA-6A0A-23DB-D3186F4FCD3A}.Debug|Any CPU.Build.0 = Debug|Any CPU
		{32CA4450-9ABA-6A0A-23DB-D3186F4FCD3A}.Release|Any CPU.ActiveCfg = Release|Any CPU
		{32CA4450-9ABA-6A0A-23DB-D3186F4FCD3A}.Release|Any CPU.Build.0 = Release|Any CPU
		{331DF109-5F83-85A8-4D69-58B7603F6321}.Debug|Any CPU.ActiveCfg = Debug|Any CPU
		{331DF109-5F83-85A8-4D69-58B7603F6321}.Debug|Any CPU.Build.0 = Debug|Any CPU
		{331DF109-5F83-85A8-4D69-58B7603F6321}.Release|Any CPU.ActiveCfg = Release|Any CPU
		{331DF109-5F83-85A8-4D69-58B7603F6321}.Release|Any CPU.Build.0 = Release|Any CPU
		{A8B0F0C1-2E1F-0480-E322-72080B2D8B62}.Debug|Any CPU.ActiveCfg = Debug|Any CPU
		{A8B0F0C1-2E1F-0480-E322-72080B2D8B62}.Debug|Any CPU.Build.0 = Debug|Any CPU
		{A8B0F0C1-2E1F-0480-E322-72080B2D8B62}.Release|Any CPU.ActiveCfg = Release|Any CPU
		{A8B0F0C1-2E1F-0480-E322-72080B2D8B62}.Release|Any CPU.Build.0 = Release|Any CPU
		{4E55D076-6C8C-D5CC-3572-C5B99C3AF689}.Debug|Any CPU.ActiveCfg = Debug|Any CPU
		{4E55D076-6C8C-D5CC-3572-C5B99C3AF689}.Debug|Any CPU.Build.0 = Debug|Any CPU
		{4E55D076-6C8C-D5CC-3572-C5B99C3AF689}.Release|Any CPU.ActiveCfg = Release|Any CPU
		{4E55D076-6C8C-D5CC-3572-C5B99C3AF689}.Release|Any CPU.Build.0 = Release|Any CPU
		{B374B941-F948-FDDE-3B6A-443E514A22E3}.Debug|Any CPU.ActiveCfg = Debug|Any CPU
		{B374B941-F948-FDDE-3B6A-443E514A22E3}.Debug|Any CPU.Build.0 = Debug|Any CPU
		{B374B941-F948-FDDE-3B6A-443E514A22E3}.Release|Any CPU.ActiveCfg = Release|Any CPU
		{B374B941-F948-FDDE-3B6A-443E514A22E3}.Release|Any CPU.Build.0 = Release|Any CPU
		{5A048B4F-EBAC-9A4A-CB30-526394F05E18}.Debug|Any CPU.ActiveCfg = Debug|Any CPU
		{5A048B4F-EBAC-9A4A-CB30-526394F05E18}.Debug|Any CPU.Build.0 = Debug|Any CPU
		{5A048B4F-EBAC-9A4A-CB30-526394F05E18}.Release|Any CPU.ActiveCfg = Release|Any CPU
		{5A048B4F-EBAC-9A4A-CB30-526394F05E18}.Release|Any CPU.Build.0 = Release|Any CPU
		{34376F71-C26E-5A10-E04D-4486A56D116A}.Debug|Any CPU.ActiveCfg = Debug|Any CPU
		{34376F71-C26E-5A10-E04D-4486A56D116A}.Debug|Any CPU.Build.0 = Debug|Any CPU
		{34376F71-C26E-5A10-E04D-4486A56D116A}.Release|Any CPU.ActiveCfg = Release|Any CPU
		{34376F71-C26E-5A10-E04D-4486A56D116A}.Release|Any CPU.Build.0 = Release|Any CPU
		{8364E110-D910-8245-0298-E9BC94079B6F}.Debug|Any CPU.ActiveCfg = Debug|Any CPU
		{8364E110-D910-8245-0298-E9BC94079B6F}.Debug|Any CPU.Build.0 = Debug|Any CPU
		{8364E110-D910-8245-0298-E9BC94079B6F}.Release|Any CPU.ActiveCfg = Release|Any CPU
		{8364E110-D910-8245-0298-E9BC94079B6F}.Release|Any CPU.Build.0 = Release|Any CPU
	EndGlobalSection
	GlobalSection(SolutionProperties) = preSolution
		HideSolutionNode = FALSE
	EndGlobalSection
EndGlobal
